
Microsoft Visual Studio Solution File, Format Version 12.00
Project("{FAE04EC0-301F-11D3-BF4B-00C04F79EFBC}") = "WebApp", "WebApp\WebApp.csproj", "{BDCCAD71-8745-44D2-9F2A-DDD0FDCB57F0}"
EndProject
Global
	GlobalSection(SolutionConfigurationPlatforms) = preSolution
		Debug|Any CPU = Debug|Any CPU
		Release|Any CPU = Release|Any CPU
	EndGlobalSection
	GlobalSection(ProjectConfigurationPlatforms) = postSolution
		{BDCCAD71-8745-44D2-9F2A-DDD0FDCB57F0}.Debug|Any CPU.ActiveCfg = Debug|Any CPU
		{BDCCAD71-8745-44D2-9F2A-DDD0FDCB57F0}.Debug|Any CPU.Build.0 = Debug|Any CPU
		{BDCCAD71-8745-44D2-9F2A-DDD0FDCB57F0}.Release|Any CPU.ActiveCfg = Release|Any CPU
		{BDCCAD71-8745-44D2-9F2A-DDD0FDCB57F0}.Release|Any CPU.Build.0 = Release|Any CPU
	EndGlobalSection
EndGlobal
